// !$*UTF8*$!
{
	archiveVersion = 1;
	classes = {
	};
	objectVersion = 46;
	objects = {

/* Begin PBXBuildFile section */
		6015EADF1EF9A3B4006D17D2 /* AppDelegate.swift in Sources */ = {isa = PBXBuildFile; fileRef = 6015EADE1EF9A3B4006D17D2 /* AppDelegate.swift */; };
		6015EAE11EF9A3B4006D17D2 /* ViewController.swift in Sources */ = {isa = PBXBuildFile; fileRef = 6015EAE01EF9A3B4006D17D2 /* ViewController.swift */; };
		6015EAE41EF9A3B4006D17D2 /* Main.storyboard in Resources */ = {isa = PBXBuildFile; fileRef = 6015EAE21EF9A3B4006D17D2 /* Main.storyboard */; };
		6015EAE61EF9A3B4006D17D2 /* Assets.xcassets in Resources */ = {isa = PBXBuildFile; fileRef = 6015EAE51EF9A3B4006D17D2 /* Assets.xcassets */; };
		6015EAE91EF9A3B4006D17D2 /* LaunchScreen.storyboard in Resources */ = {isa = PBXBuildFile; fileRef = 6015EAE71EF9A3B4006D17D2 /* LaunchScreen.storyboard */; };
		6015EAF41EF9A3B4006D17D2 /* TestTests.swift in Sources */ = {isa = PBXBuildFile; fileRef = 6015EAF31EF9A3B4006D17D2 /* TestTests.swift */; };
		6015EAFF1EF9A3B4006D17D2 /* TestUITests.swift in Sources */ = {isa = PBXBuildFile; fileRef = 6015EAFE1EF9A3B4006D17D2 /* TestUITests.swift */; };
/* End PBXBuildFile section */

/* Begin PBXContainerItemProxy section */
		6015EAF01EF9A3B4006D17D2 /* PBXContainerItemProxy */ = {
			isa = PBXContainerItemProxy;
			containerPortal = 6015EAD31EF9A3B4006D17D2 /* Project object */;
			proxyType = 1;
			remoteGlobalIDString = 6015EADA1EF9A3B4006D17D2;
			remoteInfo = Test;
		};
		6015EAFB1EF9A3B4006D17D2 /* PBXContainerItemProxy */ = {
			isa = PBXContainerItemProxy;
			containerPortal = 6015EAD31EF9A3B4006D17D2 /* Project object */;
			proxyType = 1;
			remoteGlobalIDString = 6015EADA1EF9A3B4006D17D2;
			remoteInfo = Test;
		};
/* End PBXContainerItemProxy section */

/* Begin PBXFileReference section */
		6015EADB1EF9A3B4006D17D2 /* Test.app */ = {isa = PBXFileReference; explicitFileType = wrapper.application; includeInIndex = 0; path = Test.app; sourceTree = BUILT_PRODUCTS_DIR; };
		6015EADE1EF9A3B4006D17D2 /* AppDelegate.swift */ = {isa = PBXFileReference; lastKnownFileType = sourcecode.swift; path = AppDelegate.swift; sourceTree = "<group>"; };
		6015EAE01EF9A3B4006D17D2 /* ViewController.swift */ = {isa = PBXFileReference; lastKnownFileType = sourcecode.swift; path = ViewController.swift; sourceTree = "<group>"; };
		6015EAE31EF9A3B4006D17D2 /* Base */ = {isa = PBXFileReference; lastKnownFileType = file.storyboard; name = Base; path = Base.lproj/Main.storyboard; sourceTree = "<group>"; };
		6015EAE51EF9A3B4006D17D2 /* Assets.xcassets */ = {isa = PBXFileReference; lastKnownFileType = folder.assetcatalog; path = Assets.xcassets; sourceTree = "<group>"; };
		6015EAE81EF9A3B4006D17D2 /* Base */ = {isa = PBXFileReference; lastKnownFileType = file.storyboard; name = Base; path = Base.lproj/LaunchScreen.storyboard; sourceTree = "<group>"; };
		6015EAEA1EF9A3B4006D17D2 /* Info.plist */ = {isa = PBXFileReference; lastKnownFileType = text.plist.xml; path = Info.plist; sourceTree = "<group>"; };
		6015EAEF1EF9A3B4006D17D2 /* TestTests.xctest */ = {isa = PBXFileReference; explicitFileType = wrapper.cfbundle; includeInIndex = 0; path = TestTests.xctest; sourceTree = BUILT_PRODUCTS_DIR; };
		6015EAF31EF9A3B4006D17D2 /* TestTests.swift */ = {isa = PBXFileReference; lastKnownFileType = sourcecode.swift; path = TestTests.swift; sourceTree = "<group>"; };
		6015EAF51EF9A3B4006D17D2 /* Info.plist */ = {isa = PBXFileReference; lastKnownFileType = text.plist.xml; path = Info.plist; sourceTree = "<group>"; };
		6015EAFA1EF9A3B4006D17D2 /* TestUITests.xctest */ = {isa = PBXFileReference; explicitFileType = wrapper.cfbundle; includeInIndex = 0; path = TestUITests.xctest; sourceTree = BUILT_PRODUCTS_DIR; };
		6015EAFE1EF9A3B4006D17D2 /* TestUITests.swift */ = {isa = PBXFileReference; lastKnownFileType = sourcecode.swift; path = TestUITests.swift; sourceTree = "<group>"; };
		6015EB001EF9A3B4006D17D2 /* Info.plist */ = {isa = PBXFileReference; lastKnownFileType = text.plist.xml; path = Info.plist; sourceTree = "<group>"; };
/* End PBXFileReference section */

/* Begin PBXFrameworksBuildPhase section */
		6015EAD81EF9A3B4006D17D2 /* Frameworks */ = {
			isa = PBXFrameworksBuildPhase;
			buildActionMask = 2147483647;
			files = (
			);
			runOnlyForDeploymentPostprocessing = 0;
		};
		6015EAEC1EF9A3B4006D17D2 /* Frameworks */ = {
			isa = PBXFrameworksBuildPhase;
			buildActionMask = 2147483647;
			files = (
			);
			runOnlyForDeploymentPostprocessing = 0;
		};
		6015EAF71EF9A3B4006D17D2 /* Frameworks */ = {
			isa = PBXFrameworksBuildPhase;
			buildActionMask = 2147483647;
			files = (
			);
			runOnlyForDeploymentPostprocessing = 0;
		};
/* End PBXFrameworksBuildPhase section */

/* Begin PBXGroup section */
		6015EAD21EF9A3B3006D17D2 = {
			isa = PBXGroup;
			children = (
				6015EADD1EF9A3B4006D17D2 /* Test */,
				6015EAF21EF9A3B4006D17D2 /* TestTests */,
				6015EAFD1EF9A3B4006D17D2 /* TestUITests */,
				6015EADC1EF9A3B4006D17D2 /* Products */,
			);
			sourceTree = "<group>";
		};
		6015EADC1EF9A3B4006D17D2 /* Products */ = {
			isa = PBXGroup;
			children = (
				6015EADB1EF9A3B4006D17D2 /* Test.app */,
				6015EAEF1EF9A3B4006D17D2 /* TestTests.xctest */,
				6015EAFA1EF9A3B4006D17D2 /* TestUITests.xctest */,
			);
			name = Products;
			sourceTree = "<group>";
		};
		6015EADD1EF9A3B4006D17D2 /* Test */ = {
			isa = PBXGroup;
			children = (
				6015EADE1EF9A3B4006D17D2 /* AppDelegate.swift */,
				6015EAE01EF9A3B4006D17D2 /* ViewController.swift */,
				6015EAE21EF9A3B4006D17D2 /* Main.storyboard */,
				6015EAE51EF9A3B4006D17D2 /* Assets.xcassets */,
				6015EAE71EF9A3B4006D17D2 /* LaunchScreen.storyboard */,
				6015EAEA1EF9A3B4006D17D2 /* Info.plist */,
			);
			path = Test;
			sourceTree = "<group>";
		};
		6015EAF21EF9A3B4006D17D2 /* TestTests */ = {
			isa = PBXGroup;
			children = (
				6015EAF31EF9A3B4006D17D2 /* TestTests.swift */,
				6015EAF51EF9A3B4006D17D2 /* Info.plist */,
			);
			path = TestTests;
			sourceTree = "<group>";
		};
		6015EAFD1EF9A3B4006D17D2 /* TestUITests */ = {
			isa = PBXGroup;
			children = (
				6015EAFE1EF9A3B4006D17D2 /* TestUITests.swift */,
				6015EB001EF9A3B4006D17D2 /* Info.plist */,
			);
			path = TestUITests;
			sourceTree = "<group>";
		};
/* End PBXGroup section */

/* Begin PBXNativeTarget section */
		6015EADA1EF9A3B4006D17D2 /* Test */ = {
			isa = PBXNativeTarget;
			buildConfigurationList = 6015EB031EF9A3B4006D17D2 /* Build configuration list for PBXNativeTarget "Test" */;
			buildPhases = (
				6015EAD71EF9A3B4006D17D2 /* Sources */,
				6015EAD81EF9A3B4006D17D2 /* Frameworks */,
				6015EAD91EF9A3B4006D17D2 /* Resources */,
			);
			buildRules = (
			);
			dependencies = (
			);
			name = Test;
			productName = Test;
			productReference = 6015EADB1EF9A3B4006D17D2 /* Test.app */;
			productType = "com.apple.product-type.application";
		};
		6015EAEE1EF9A3B4006D17D2 /* TestTests */ = {
			isa = PBXNativeTarget;
			buildConfigurationList = 6015EB061EF9A3B4006D17D2 /* Build configuration list for PBXNativeTarget "TestTests" */;
			buildPhases = (
				6015EAEB1EF9A3B4006D17D2 /* Sources */,
				6015EAEC1EF9A3B4006D17D2 /* Frameworks */,
				6015EAED1EF9A3B4006D17D2 /* Resources */,
			);
			buildRules = (
			);
			dependencies = (
				6015EAF11EF9A3B4006D17D2 /* PBXTargetDependency */,
			);
			name = TestTests;
			productName = TestTests;
			productReference = 6015EAEF1EF9A3B4006D17D2 /* TestTests.xctest */;
			productType = "com.apple.product-type.bundle.unit-test";
		};
		6015EAF91EF9A3B4006D17D2 /* TestUITests */ = {
			isa = PBXNativeTarget;
			buildConfigurationList = 6015EB091EF9A3B4006D17D2 /* Build configuration list for PBXNativeTarget "TestUITests" */;
			buildPhases = (
				6015EAF61EF9A3B4006D17D2 /* Sources */,
				6015EAF71EF9A3B4006D17D2 /* Frameworks */,
				6015EAF81EF9A3B4006D17D2 /* Resources */,
			);
			buildRules = (
			);
			dependencies = (
				6015EAFC1EF9A3B4006D17D2 /* PBXTargetDependency */,
			);
			name = TestUITests;
			productName = TestUITests;
			productReference = 6015EAFA1EF9A3B4006D17D2 /* TestUITests.xctest */;
			productType = "com.apple.product-type.bundle.ui-testing";
		};
/* End PBXNativeTarget section */

/* Begin PBXProject section */
		6015EAD31EF9A3B4006D17D2 /* Project object */ = {
			isa = PBXProject;
			attributes = {
				LastSwiftUpdateCheck = 0830;
				LastUpgradeCheck = 0830;
				ORGANIZATIONNAME = "Jacob Kim";
				TargetAttributes = {
					6015EADA1EF9A3B4006D17D2 = {
						CreatedOnToolsVersion = 8.3.3;
						ProvisioningStyle = Automatic;
					};
					6015EAEE1EF9A3B4006D17D2 = {
						CreatedOnToolsVersion = 8.3.3;
						ProvisioningStyle = Automatic;
						TestTargetID = 6015EADA1EF9A3B4006D17D2;
					};
					6015EAF91EF9A3B4006D17D2 = {
						CreatedOnToolsVersion = 8.3.3;
						ProvisioningStyle = Automatic;
						TestTargetID = 6015EADA1EF9A3B4006D17D2;
					};
				};
			};
			buildConfigurationList = 6015EAD61EF9A3B4006D17D2 /* Build configuration list for PBXProject "Test" */;
			compatibilityVersion = "Xcode 3.2";
			developmentRegion = English;
			hasScannedForEncodings = 0;
			knownRegions = (
				en,
				Base,
			);
			mainGroup = 6015EAD21EF9A3B3006D17D2;
			productRefGroup = 6015EADC1EF9A3B4006D17D2 /* Products */;
			projectDirPath = "";
			projectRoot = "";
			targets = (
				6015EADA1EF9A3B4006D17D2 /* Test */,
				6015EAEE1EF9A3B4006D17D2 /* TestTests */,
				6015EAF91EF9A3B4006D17D2 /* TestUITests */,
			);
		};
/* End PBXProject section */

/* Begin PBXResourcesBuildPhase section */
		6015EAD91EF9A3B4006D17D2 /* Resources */ = {
			isa = PBXResourcesBuildPhase;
			buildActionMask = 2147483647;
			files = (
				6015EAE91EF9A3B4006D17D2 /* LaunchScreen.storyboard in Resources */,
				6015EAE61EF9A3B4006D17D2 /* Assets.xcassets in Resources */,
				6015EAE41EF9A3B4006D17D2 /* Main.storyboard in Resources */,
			);
			runOnlyForDeploymentPostprocessing = 0;
		};
		6015EAED1EF9A3B4006D17D2 /* Resources */ = {
			isa = PBXResourcesBuildPhase;
			buildActionMask = 2147483647;
			files = (
			);
			runOnlyForDeploymentPostprocessing = 0;
		};
		6015EAF81EF9A3B4006D17D2 /* Resources */ = {
			isa = PBXResourcesBuildPhase;
			buildActionMask = 2147483647;
			files = (
			);
			runOnlyForDeploymentPostprocessing = 0;
		};
/* End PBXResourcesBuildPhase section */

/* Begin PBXSourcesBuildPhase section */
		6015EAD71EF9A3B4006D17D2 /* Sources */ = {
			isa = PBXSourcesBuildPhase;
			buildActionMask = 2147483647;
			files = (
				6015EAE11EF9A3B4006D17D2 /* ViewController.swift in Sources */,
				6015EADF1EF9A3B4006D17D2 /* AppDelegate.swift in Sources */,
			);
			runOnlyForDeploymentPostprocessing = 0;
		};
		6015EAEB1EF9A3B4006D17D2 /* Sources */ = {
			isa = PBXSourcesBuildPhase;
			buildActionMask = 2147483647;
			files = (
				6015EAF41EF9A3B4006D17D2 /* TestTests.swift in Sources */,
			);
			runOnlyForDeploymentPostprocessing = 0;
		};
		6015EAF61EF9A3B4006D17D2 /* Sources */ = {
			isa = PBXSourcesBuildPhase;
			buildActionMask = 2147483647;
			files = (
				6015EAFF1EF9A3B4006D17D2 /* TestUITests.swift in Sources */,
			);
			runOnlyForDeploymentPostprocessing = 0;
		};
/* End PBXSourcesBuildPhase section */

/* Begin PBXTargetDependency section */
		6015EAF11EF9A3B4006D17D2 /* PBXTargetDependency */ = {
			isa = PBXTargetDependency;
			target = 6015EADA1EF9A3B4006D17D2 /* Test */;
			targetProxy = 6015EAF01EF9A3B4006D17D2 /* PBXContainerItemProxy */;
		};
		6015EAFC1EF9A3B4006D17D2 /* PBXTargetDependency */ = {
			isa = PBXTargetDependency;
			target = 6015EADA1EF9A3B4006D17D2 /* Test */;
			targetProxy = 6015EAFB1EF9A3B4006D17D2 /* PBXContainerItemProxy */;
		};
/* End PBXTargetDependency section */

/* Begin PBXVariantGroup section */
		6015EAE21EF9A3B4006D17D2 /* Main.storyboard */ = {
			isa = PBXVariantGroup;
			children = (
				6015EAE31EF9A3B4006D17D2 /* Base */,
			);
			name = Main.storyboard;
			sourceTree = "<group>";
		};
		6015EAE71EF9A3B4006D17D2 /* LaunchScreen.storyboard */ = {
			isa = PBXVariantGroup;
			children = (
				6015EAE81EF9A3B4006D17D2 /* Base */,
			);
			name = LaunchScreen.storyboard;
			sourceTree = "<group>";
		};
/* End PBXVariantGroup section */

/* Begin XCBuildConfiguration section */
		6015EB011EF9A3B4006D17D2 /* Debug */ = {
			isa = XCBuildConfiguration;
			buildSettings = {
				ALWAYS_SEARCH_USER_PATHS = NO;
				CLANG_ANALYZER_NONNULL = YES;
				CLANG_ANALYZER_NUMBER_OBJECT_CONVERSION = YES_AGGRESSIVE;
				CLANG_CXX_LANGUAGE_STANDARD = "gnu++0x";
				CLANG_CXX_LIBRARY = "libc++";
				CLANG_ENABLE_MODULES = YES;
				CLANG_ENABLE_OBJC_ARC = YES;
				CLANG_WARN_BOOL_CONVERSION = YES;
				CLANG_WARN_CONSTANT_CONVERSION = YES;
				CLANG_WARN_DIRECT_OBJC_ISA_USAGE = YES_ERROR;
				CLANG_WARN_DOCUMENTATION_COMMENTS = YES;
				CLANG_WARN_EMPTY_BODY = YES;
				CLANG_WARN_ENUM_CONVERSION = YES;
				CLANG_WARN_INFINITE_RECURSION = YES;
				CLANG_WARN_INT_CONVERSION = YES;
				CLANG_WARN_OBJC_ROOT_CLASS = YES_ERROR;
				CLANG_WARN_SUSPICIOUS_MOVE = YES;
				CLANG_WARN_UNREACHABLE_CODE = YES;
				CLANG_WARN__DUPLICATE_METHOD_MATCH = YES;
				"CODE_SIGN_IDENTITY[sdk=iphoneos*]" = "iPhone Developer";
				COPY_PHASE_STRIP = NO;
				DEBUG_INFORMATION_FORMAT = dwarf;
				ENABLE_STRICT_OBJC_MSGSEND = YES;
				ENABLE_TESTABILITY = YES;
				GCC_C_LANGUAGE_STANDARD = gnu99;
				GCC_DYNAMIC_NO_PIC = NO;
				GCC_NO_COMMON_BLOCKS = YES;
				GCC_OPTIMIZATION_LEVEL = 0;
				GCC_PREPROCESSOR_DEFINITIONS = (
					"DEBUG=1",
					"$(inherited)",
				);
				GCC_WARN_64_TO_32_BIT_CONVERSION = YES;
				GCC_WARN_ABOUT_RETURN_TYPE = YES_ERROR;
				GCC_WARN_UNDECLARED_SELECTOR = YES;
				GCC_WARN_UNINITIALIZED_AUTOS = YES_AGGRESSIVE;
				GCC_WARN_UNUSED_FUNCTION = YES;
				GCC_WARN_UNUSED_VARIABLE = YES;
				IPHONEOS_DEPLOYMENT_TARGET = 10.3;
				MTL_ENABLE_DEBUG_INFO = YES;
				ONLY_ACTIVE_ARCH = YES;
				SDKROOT = iphoneos;
				SWIFT_ACTIVE_COMPILATION_CONDITIONS = DEBUG;
				SWIFT_OPTIMIZATION_LEVEL = "-Onone";
			};
			name = Debug;
		};
		6015EB021EF9A3B4006D17D2 /* Release */ = {
			isa = XCBuildConfiguration;
			buildSettings = {
				ALWAYS_SEARCH_USER_PATHS = NO;
				CLANG_ANALYZER_NONNULL = YES;
				CLANG_ANALYZER_NUMBER_OBJECT_CONVERSION = YES_AGGRESSIVE;
				CLANG_CXX_LANGUAGE_STANDARD = "gnu++0x";
				CLANG_CXX_LIBRARY = "libc++";
				CLANG_ENABLE_MODULES = YES;
				CLANG_ENABLE_OBJC_ARC = YES;
				CLANG_WARN_BOOL_CONVERSION = YES;
				CLANG_WARN_CONSTANT_CONVERSION = YES;
				CLANG_WARN_DIRECT_OBJC_ISA_USAGE = YES_ERROR;
				CLANG_WARN_DOCUMENTATION_COMMENTS = YES;
				CLANG_WARN_EMPTY_BODY = YES;
				CLANG_WARN_ENUM_CONVERSION = YES;
				CLANG_WARN_INFINITE_RECURSION = YES;
				CLANG_WARN_INT_CONVERSION = YES;
				CLANG_WARN_OBJC_ROOT_CLASS = YES_ERROR;
				CLANG_WARN_SUSPICIOUS_MOVE = YES;
				CLANG_WARN_UNREACHABLE_CODE = YES;
				CLANG_WARN__DUPLICATE_METHOD_MATCH = YES;
				"CODE_SIGN_IDENTITY[sdk=iphoneos*]" = "iPhone Developer";
				COPY_PHASE_STRIP = NO;
				DEBUG_INFORMATION_FORMAT = "dwarf-with-dsym";
				ENABLE_NS_ASSERTIONS = NO;
				ENABLE_STRICT_OBJC_MSGSEND = YES;
				GCC_C_LANGUAGE_STANDARD = gnu99;
				GCC_NO_COMMON_BLOCKS = YES;
				GCC_WARN_64_TO_32_BIT_CONVERSION = YES;
				GCC_WARN_ABOUT_RETURN_TYPE = YES_ERROR;
				GCC_WARN_UNDECLARED_SELECTOR = YES;
				GCC_WARN_UNINITIALIZED_AUTOS = YES_AGGRESSIVE;
				GCC_WARN_UNUSED_FUNCTION = YES;
				GCC_WARN_UNUSED_VARIABLE = YES;
				IPHONEOS_DEPLOYMENT_TARGET = 10.3;
				MTL_ENABLE_DEBUG_INFO = NO;
				SDKROOT = iphoneos;
				SWIFT_OPTIMIZATION_LEVEL = "-Owholemodule";
				VALIDATE_PRODUCT = YES;
			};
			name = Release;
		};
		6015EB041EF9A3B4006D17D2 /* Debug */ = {
			isa = XCBuildConfiguration;
			buildSettings = {
				ASSETCATALOG_COMPILER_APPICON_NAME = AppIcon;
				INFOPLIST_FILE = Test/Info.plist;
				LD_RUNPATH_SEARCH_PATHS = "$(inherited) @executable_path/Frameworks";
				PRODUCT_BUNDLE_IDENTIFIER = blank.Test;
				PRODUCT_NAME = "$(TARGET_NAME)";
				SWIFT_VERSION = 3.0;
			};
			name = Debug;
		};
		6015EB051EF9A3B4006D17D2 /* Release */ = {
			isa = XCBuildConfiguration;
			buildSettings = {
				ASSETCATALOG_COMPILER_APPICON_NAME = AppIcon;
				INFOPLIST_FILE = Test/Info.plist;
				LD_RUNPATH_SEARCH_PATHS = "$(inherited) @executable_path/Frameworks";
				PRODUCT_BUNDLE_IDENTIFIER = blank.Test;
				PRODUCT_NAME = "$(TARGET_NAME)";
				SWIFT_VERSION = 3.0;
			};
			name = Release;
		};
		6015EB071EF9A3B4006D17D2 /* Debug */ = {
			isa = XCBuildConfiguration;
			buildSettings = {
				ALWAYS_EMBED_SWIFT_STANDARD_LIBRARIES = YES;
				BUNDLE_LOADER = "$(TEST_HOST)";
				INFOPLIST_FILE = TestTests/Info.plist;
				LD_RUNPATH_SEARCH_PATHS = "$(inherited) @executable_path/Frameworks @loader_path/Frameworks";
				PRODUCT_BUNDLE_IDENTIFIER = blank.TestTests;
				PRODUCT_NAME = "$(TARGET_NAME)";
				SWIFT_VERSION = 3.0;
				TEST_HOST = "$(BUILT_PRODUCTS_DIR)/Test.app/Test";
			};
			name = Debug;
		};
		6015EB081EF9A3B4006D17D2 /* Release */ = {
			isa = XCBuildConfiguration;
			buildSettings = {
				ALWAYS_EMBED_SWIFT_STANDARD_LIBRARIES = YES;
				BUNDLE_LOADER = "$(TEST_HOST)";
				INFOPLIST_FILE = TestTests/Info.plist;
				LD_RUNPATH_SEARCH_PATHS = "$(inherited) @executable_path/Frameworks @loader_path/Frameworks";
				PRODUCT_BUNDLE_IDENTIFIER = blank.TestTests;
				PRODUCT_NAME = "$(TARGET_NAME)";
				SWIFT_VERSION = 3.0;
				TEST_HOST = "$(BUILT_PRODUCTS_DIR)/Test.app/Test";
			};
			name = Release;
		};
		6015EB0A1EF9A3B4006D17D2 /* Debug */ = {
			isa = XCBuildConfiguration;
			buildSettings = {
				ALWAYS_EMBED_SWIFT_STANDARD_LIBRARIES = YES;
				INFOPLIST_FILE = TestUITests/Info.plist;
				LD_RUNPATH_SEARCH_PATHS = "$(inherited) @executable_path/Frameworks @loader_path/Frameworks";
				PRODUCT_BUNDLE_IDENTIFIER = blank.TestUITests;
				PRODUCT_NAME = "$(TARGET_NAME)";
				SWIFT_VERSION = 3.0;
				TEST_TARGET_NAME = Test;
			};
			name = Debug;
		};
		6015EB0B1EF9A3B4006D17D2 /* Release */ = {
			isa = XCBuildConfiguration;
			buildSettings = {
				ALWAYS_EMBED_SWIFT_STANDARD_LIBRARIES = YES;
				INFOPLIST_FILE = TestUITests/Info.plist;
				LD_RUNPATH_SEARCH_PATHS = "$(inherited) @executable_path/Frameworks @loader_path/Frameworks";
				PRODUCT_BUNDLE_IDENTIFIER = blank.TestUITests;
				PRODUCT_NAME = "$(TARGET_NAME)";
				SWIFT_VERSION = 3.0;
				TEST_TARGET_NAME = Test;
			};
			name = Release;
		};
/* End XCBuildConfiguration section */

/* Begin XCConfigurationList section */
		6015EAD61EF9A3B4006D17D2 /* Build configuration list for PBXProject "Test" */ = {
			isa = XCConfigurationList;
			buildConfigurations = (
				6015EB011EF9A3B4006D17D2 /* Debug */,
				6015EB021EF9A3B4006D17D2 /* Release */,
			);
			defaultConfigurationIsVisible = 0;
			defaultConfigurationName = Release;
		};
		6015EB031EF9A3B4006D17D2 /* Build configuration list for PBXNativeTarget "Test" */ = {
			isa = XCConfigurationList;
			buildConfigurations = (
				6015EB041EF9A3B4006D17D2 /* Debug */,
				6015EB051EF9A3B4006D17D2 /* Release */,
			);
			defaultConfigurationIsVisible = 0;
		};
		6015EB061EF9A3B4006D17D2 /* Build configuration list for PBXNativeTarget "TestTests" */ = {
			isa = XCConfigurationList;
			buildConfigurations = (
				6015EB071EF9A3B4006D17D2 /* Debug */,
				6015EB081EF9A3B4006D17D2 /* Release */,
			);
			defaultConfigurationIsVisible = 0;
		};
		6015EB091EF9A3B4006D17D2 /* Build configuration list for PBXNativeTarget "TestUITests" */ = {
			isa = XCConfigurationList;
			buildConfigurations = (
				6015EB0A1EF9A3B4006D17D2 /* Debug */,
				6015EB0B1EF9A3B4006D17D2 /* Release */,
			);
			defaultConfigurationIsVisible = 0;
		};
/* End XCConfigurationList section */
	};
	rootObject = 6015EAD31EF9A3B4006D17D2 /* Project object */;
}
